
Microsoft Visual Studio Solution File, Format Version 12.00
# Visual Studio 14
VisualStudioVersion = 14.0.25420.1
MinimumVisualStudioVersion = 10.0.40219.1
Project("{F2A71F9B-5D33-465A-A702-920D77279786}") = "Set1", "Cryptopals\Set1.fsproj", "{76DCB810-6AF8-471F-99A0-9967EEE76654}"
EndProject
Project("{F2A71F9B-5D33-465A-A702-920D77279786}") = "Utility", "Utility\Utility.fsproj", "{BBA05DF0-2953-44DE-BE99-30314BFC2FFA}"
EndProject
Project("{F2A71F9B-5D33-465A-A702-920D77279786}") = "Set2", "Set2\Set2.fsproj", "{202929C4-932C-467E-9AD1-AF3D75A6CDAD}"
EndProject
Global
	GlobalSection(SolutionConfigurationPlatforms) = preSolution
		Debug|Any CPU = Debug|Any CPU
		Release|Any CPU = Release|Any CPU
	EndGlobalSection
	GlobalSection(ProjectConfigurationPlatforms) = postSolution
		{76DCB810-6AF8-471F-99A0-9967EEE76654}.Debug|Any CPU.ActiveCfg = Debug|Any CPU
		{76DCB810-6AF8-471F-99A0-9967EEE76654}.Debug|Any CPU.Build.0 = Debug|Any CPU
		{76DCB810-6AF8-471F-99A0-9967EEE76654}.Release|Any CPU.ActiveCfg = Release|Any CPU
		{76DCB810-6AF8-471F-99A0-9967EEE76654}.Release|Any CPU.Build.0 = Release|Any CPU
		{BBA05DF0-2953-44DE-BE99-30314BFC2FFA}.Debug|Any CPU.ActiveCfg = Debug|Any CPU
		{BBA05DF0-2953-44DE-BE99-30314BFC2FFA}.Debug|Any CPU.Build.0 = Debug|Any CPU
		{BBA05DF0-2953-44DE-BE99-30314BFC2FFA}.Release|Any CPU.ActiveCfg = Release|Any CPU
		{BBA05DF0-2953-44DE-BE99-30314BFC2FFA}.Release|Any CPU.Build.0 = Release|Any CPU
		{202929C4-932C-467E-9AD1-AF3D75A6CDAD}.Debug|Any CPU.ActiveCfg = Debug|Any CPU
		{202929C4-932C-467E-9AD1-AF3D75A6CDAD}.Debug|Any CPU.Build.0 = Debug|Any CPU
		{202929C4-932C-467E-9AD1-AF3D75A6CDAD}.Release|Any CPU.ActiveCfg = Release|Any CPU
		{202929C4-932C-467E-9AD1-AF3D75A6CDAD}.Release|Any CPU.Build.0 = Release|Any CPU
	EndGlobalSection
	GlobalSection(SolutionProperties) = preSolution
		HideSolutionNode = FALSE
	EndGlobalSection
EndGlobal
